
Microsoft Visual Studio Solution File, Format Version 12.00
# Visual Studio Version 17
VisualStudioVersion = 17.14.36623.8 d17.14
MinimumVisualStudioVersion = 10.0.40219.1
Project("{FAE04EC0-301F-11D3-BF4B-00C04F79EFBC}") = "IoTAssesment", "IoTAssesment\IoTAssesment.csproj", "{54840ADE-D34B-4868-9FF8-216C17F1FECA}"
EndProject
Global
	GlobalSection(SolutionConfigurationPlatforms) = preSolution
		Debug|Any CPU = Debug|Any CPU
		Release|Any CPU = Release|Any CPU
	EndGlobalSection
	GlobalSection(ProjectConfigurationPlatforms) = postSolution
		{54840ADE-D34B-4868-9FF8-216C17F1FECA}.Debug|Any CPU.ActiveCfg = Debug|Any CPU
		{54840ADE-D34B-4868-9FF8-216C17F1FECA}.Debug|Any CPU.Build.0 = Debug|Any CPU
		{54840ADE-D34B-4868-9FF8-216C17F1FECA}.Release|Any CPU.ActiveCfg = Release|Any CPU
		{54840ADE-D34B-4868-9FF8-216C17F1FECA}.Release|Any CPU.Build.0 = Release|Any CPU
	EndGlobalSection
	GlobalSection(SolutionProperties) = preSolution
		HideSolutionNode = FALSE
	EndGlobalSection
	GlobalSection(ExtensibilityGlobals) = postSolution
		SolutionGuid = {86BB3AE5-8FC7-4F2D-BFFC-F5D6DC60D036}
	EndGlobalSection
EndGlobal
